
Microsoft Visual Studio Solution File, Format Version 12.00
# Visual Studio Version 17
VisualStudioVersion = 17.9.34728.123
MinimumVisualStudioVersion = 10.0.40219.1
Project("{9A19103F-16F7-4668-BE54-9A1E7A4F7556}") = "DataSturcture", "DataSturcture\DataSturcture.csproj", "{EEDB197D-7428-45E0-860A-737914FC013D}"
EndProject
Project("{2150E333-8FDC-42A3-9474-1A3956D46DE8}") = "솔루션 항목", "솔루션 항목", "{157395F0-4092-4D91-B2DC-F0B1BDC33823}"
EndProject
Project("{9A19103F-16F7-4668-BE54-9A1E7A4F7556}") = "CustomList", "CustomList\CustomList.csproj", "{AB035374-CB51-4423-8CC1-9D877C36BDB7}"
EndProject
Project("{9A19103F-16F7-4668-BE54-9A1E7A4F7556}") = "Stack", "Stack\Stack.csproj", "{AF69052F-EDFC-4884-A9AF-1A582F98DC6A}"
EndProject
Project("{FAE04EC0-301F-11D3-BF4B-00C04F79EFBC}") = "Algorythm_Stack", "Algorythm_Stack\Algorythm_Stack.csproj", "{4B7B6759-2A51-4141-B7B6-66A579A39FCA}"
EndProject
Global
	GlobalSection(SolutionConfigurationPlatforms) = preSolution
		Debug|Any CPU = Debug|Any CPU
		Release|Any CPU = Release|Any CPU
	EndGlobalSection
	GlobalSection(ProjectConfigurationPlatforms) = postSolution
		{EEDB197D-7428-45E0-860A-737914FC013D}.Debug|Any CPU.ActiveCfg = Debug|Any CPU
		{EEDB197D-7428-45E0-860A-737914FC013D}.Debug|Any CPU.Build.0 = Debug|Any CPU
		{EEDB197D-7428-45E0-860A-737914FC013D}.Release|Any CPU.ActiveCfg = Release|Any CPU
		{EEDB197D-7428-45E0-860A-737914FC013D}.Release|Any CPU.Build.0 = Release|Any CPU
		{AB035374-CB51-4423-8CC1-9D877C36BDB7}.Debug|Any CPU.ActiveCfg = Debug|Any CPU
		{AB035374-CB51-4423-8CC1-9D877C36BDB7}.Debug|Any CPU.Build.0 = Debug|Any CPU
		{AB035374-CB51-4423-8CC1-9D877C36BDB7}.Release|Any CPU.ActiveCfg = Release|Any CPU
		{AB035374-CB51-4423-8CC1-9D877C36BDB7}.Release|Any CPU.Build.0 = Release|Any CPU
		{AF69052F-EDFC-4884-A9AF-1A582F98DC6A}.Debug|Any CPU.ActiveCfg = Debug|Any CPU
		{AF69052F-EDFC-4884-A9AF-1A582F98DC6A}.Debug|Any CPU.Build.0 = Debug|Any CPU
		{AF69052F-EDFC-4884-A9AF-1A582F98DC6A}.Release|Any CPU.ActiveCfg = Release|Any CPU
		{AF69052F-EDFC-4884-A9AF-1A582F98DC6A}.Release|Any CPU.Build.0 = Release|Any CPU
		{4B7B6759-2A51-4141-B7B6-66A579A39FCA}.Debug|Any CPU.ActiveCfg = Debug|Any CPU
		{4B7B6759-2A51-4141-B7B6-66A579A39FCA}.Debug|Any CPU.Build.0 = Debug|Any CPU
		{4B7B6759-2A51-4141-B7B6-66A579A39FCA}.Release|Any CPU.ActiveCfg = Release|Any CPU
		{4B7B6759-2A51-4141-B7B6-66A579A39FCA}.Release|Any CPU.Build.0 = Release|Any CPU
	EndGlobalSection
	GlobalSection(SolutionProperties) = preSolution
		HideSolutionNode = FALSE
	EndGlobalSection
	GlobalSection(ExtensibilityGlobals) = postSolution
		SolutionGuid = {66A620B7-84BD-4D76-9FAB-86B8A37169CC}
	EndGlobalSection
EndGlobal
